// !$*UTF8*$!
{
	archiveVersion = 1;
	classes = {
	};
	objectVersion = 46;
	objects = {

/* Begin PBXBuildFile section */
		B414653F1EF54C3300561091 /* AppDelegate.swift in Sources */ = {isa = PBXBuildFile; fileRef = B414653E1EF54C3300561091 /* AppDelegate.swift */; };
		B41465411EF54C3300561091 /* ViewController.swift in Sources */ = {isa = PBXBuildFile; fileRef = B41465401EF54C3300561091 /* ViewController.swift */; };
		B41465461EF54C3300561091 /* Assets.xcassets in Resources */ = {isa = PBXBuildFile; fileRef = B41465451EF54C3300561091 /* Assets.xcassets */; };
		B41465491EF54C3300561091 /* LaunchScreen.storyboard in Resources */ = {isa = PBXBuildFile; fileRef = B41465471EF54C3300561091 /* LaunchScreen.storyboard */; };
		B46EA7061EFE6F5F00C3183A /* VideoPlayerViewController.swift in Sources */ = {isa = PBXBuildFile; fileRef = B46EA7051EFE6F5F00C3183A /* VideoPlayerViewController.swift */; };
		B4F3F2E51EF55CFF00F254D1 /* ColorExt.swift in Sources */ = {isa = PBXBuildFile; fileRef = B4F3F2E41EF55CFF00F254D1 /* ColorExt.swift */; };
		B4F3F2E71EF5EFC300F254D1 /* Bach.mp4 in Resources */ = {isa = PBXBuildFile; fileRef = B4F3F2E61EF5EFC300F254D1 /* Bach.mp4 */; };
		B4F3F2E91EF6675900F254D1 /* PlayerSwift.swift in Sources */ = {isa = PBXBuildFile; fileRef = B4F3F2E81EF6675900F254D1 /* PlayerSwift.swift */; };
		B4F3F2EB1EF66DE500F254D1 /* YRPlayView.swift in Sources */ = {isa = PBXBuildFile; fileRef = B4F3F2EA1EF66DE500F254D1 /* YRPlayView.swift */; };
		B4F3F2ED1EF6706700F254D1 /* YRRule.swift in Sources */ = {isa = PBXBuildFile; fileRef = B4F3F2EC1EF6706700F254D1 /* YRRule.swift */; };
/* End PBXBuildFile section */

/* Begin PBXFileReference section */
		B414653B1EF54C3300561091 /* SwiftAVFundation.app */ = {isa = PBXFileReference; explicitFileType = wrapper.application; includeInIndex = 0; path = SwiftAVFundation.app; sourceTree = BUILT_PRODUCTS_DIR; };
		B414653E1EF54C3300561091 /* AppDelegate.swift */ = {isa = PBXFileReference; lastKnownFileType = sourcecode.swift; path = AppDelegate.swift; sourceTree = "<group>"; };
		B41465401EF54C3300561091 /* ViewController.swift */ = {isa = PBXFileReference; lastKnownFileType = sourcecode.swift; path = ViewController.swift; sourceTree = "<group>"; };
		B41465451EF54C3300561091 /* Assets.xcassets */ = {isa = PBXFileReference; lastKnownFileType = folder.assetcatalog; path = Assets.xcassets; sourceTree = "<group>"; };
		B41465481EF54C3300561091 /* Base */ = {isa = PBXFileReference; lastKnownFileType = file.storyboard; name = Base; path = Base.lproj/LaunchScreen.storyboard; sourceTree = "<group>"; };
		B414654A1EF54C3300561091 /* Info.plist */ = {isa = PBXFileReference; lastKnownFileType = text.plist.xml; path = Info.plist; sourceTree = "<group>"; };
		B46EA7051EFE6F5F00C3183A /* VideoPlayerViewController.swift */ = {isa = PBXFileReference; fileEncoding = 4; lastKnownFileType = sourcecode.swift; path = VideoPlayerViewController.swift; sourceTree = "<group>"; };
		B4F3F2E41EF55CFF00F254D1 /* ColorExt.swift */ = {isa = PBXFileReference; fileEncoding = 4; lastKnownFileType = sourcecode.swift; path = ColorExt.swift; sourceTree = "<group>"; };
		B4F3F2E61EF5EFC300F254D1 /* Bach.mp4 */ = {isa = PBXFileReference; lastKnownFileType = file; path = Bach.mp4; sourceTree = "<group>"; };
		B4F3F2E81EF6675900F254D1 /* PlayerSwift.swift */ = {isa = PBXFileReference; fileEncoding = 4; lastKnownFileType = sourcecode.swift; path = PlayerSwift.swift; sourceTree = "<group>"; };
		B4F3F2EA1EF66DE500F254D1 /* YRPlayView.swift */ = {isa = PBXFileReference; fileEncoding = 4; lastKnownFileType = sourcecode.swift; path = YRPlayView.swift; sourceTree = "<group>"; };
		B4F3F2EC1EF6706700F254D1 /* YRRule.swift */ = {isa = PBXFileReference; fileEncoding = 4; lastKnownFileType = sourcecode.swift; path = YRRule.swift; sourceTree = "<group>"; };
/* End PBXFileReference section */

/* Begin PBXFrameworksBuildPhase section */
		B41465381EF54C3300561091 /* Frameworks */ = {
			isa = PBXFrameworksBuildPhase;
			buildActionMask = 2147483647;
			files = (
			);
			runOnlyForDeploymentPostprocessing = 0;
		};
/* End PBXFrameworksBuildPhase section */

/* Begin PBXGroup section */
		B41465321EF54C3300561091 = {
			isa = PBXGroup;
			children = (
				B414653D1EF54C3300561091 /* SwiftAVFundation */,
				B414653C1EF54C3300561091 /* Products */,
			);
			sourceTree = "<group>";
		};
		B414653C1EF54C3300561091 /* Products */ = {
			isa = PBXGroup;
			children = (
				B414653B1EF54C3300561091 /* SwiftAVFundation.app */,
			);
			name = Products;
			sourceTree = "<group>";
		};
		B414653D1EF54C3300561091 /* SwiftAVFundation */ = {
			isa = PBXGroup;
			children = (
				B414653E1EF54C3300561091 /* AppDelegate.swift */,
				B41465401EF54C3300561091 /* ViewController.swift */,
				B4F3F2EA1EF66DE500F254D1 /* YRPlayView.swift */,
				B4F3F2E41EF55CFF00F254D1 /* ColorExt.swift */,
				B4F3F2EC1EF6706700F254D1 /* YRRule.swift */,
				B41465451EF54C3300561091 /* Assets.xcassets */,
				B4F3F2E81EF6675900F254D1 /* PlayerSwift.swift */,
				B41465471EF54C3300561091 /* LaunchScreen.storyboard */,
				B414654A1EF54C3300561091 /* Info.plist */,
				B4F3F2E61EF5EFC300F254D1 /* Bach.mp4 */,
				B46EA7051EFE6F5F00C3183A /* VideoPlayerViewController.swift */,
			);
			path = SwiftAVFundation;
			sourceTree = "<group>";
		};
/* End PBXGroup section */

/* Begin PBXNativeTarget section */
		B414653A1EF54C3300561091 /* SwiftAVFundation */ = {
			isa = PBXNativeTarget;
			buildConfigurationList = B414654D1EF54C3300561091 /* Build configuration list for PBXNativeTarget "SwiftAVFundation" */;
			buildPhases = (
				B41465371EF54C3300561091 /* Sources */,
				B41465381EF54C3300561091 /* Frameworks */,
				B41465391EF54C3300561091 /* Resources */,
			);
			buildRules = (
			);
			dependencies = (
			);
			name = SwiftAVFundation;
			productName = SwiftAVFundation;
			productReference = B414653B1EF54C3300561091 /* SwiftAVFundation.app */;
			productType = "com.apple.product-type.application";
		};
/* End PBXNativeTarget section */

/* Begin PBXProject section */
		B41465331EF54C3300561091 /* Project object */ = {
			isa = PBXProject;
			attributes = {
				LastSwiftUpdateCheck = 0830;
				LastUpgradeCheck = 0830;
				ORGANIZATIONNAME = YongRen;
				TargetAttributes = {
					B414653A1EF54C3300561091 = {
						CreatedOnToolsVersion = 8.3.3;
						DevelopmentTeam = LWXVGNDC4Q;
						ProvisioningStyle = Automatic;
					};
				};
			};
			buildConfigurationList = B41465361EF54C3300561091 /* Build configuration list for PBXProject "SwiftAVFundation" */;
			compatibilityVersion = "Xcode 3.2";
			developmentRegion = English;
			hasScannedForEncodings = 0;
			knownRegions = (
				en,
				Base,
			);
			mainGroup = B41465321EF54C3300561091;
			productRefGroup = B414653C1EF54C3300561091 /* Products */;
			projectDirPath = "";
			projectRoot = "";
			targets = (
				B414653A1EF54C3300561091 /* SwiftAVFundation */,
			);
		};
/* End PBXProject section */

/* Begin PBXResourcesBuildPhase section */
		B41465391EF54C3300561091 /* Resources */ = {
			isa = PBXResourcesBuildPhase;
			buildActionMask = 2147483647;
			files = (
				B41465491EF54C3300561091 /* LaunchScreen.storyboard in Resources */,
				B4F3F2E71EF5EFC300F254D1 /* Bach.mp4 in Resources */,
				B41465461EF54C3300561091 /* Assets.xcassets in Resources */,
			);
			runOnlyForDeploymentPostprocessing = 0;
		};
/* End PBXResourcesBuildPhase section */

/* Begin PBXSourcesBuildPhase section */
		B41465371EF54C3300561091 /* Sources */ = {
			isa = PBXSourcesBuildPhase;
			buildActionMask = 2147483647;
			files = (
				B41465411EF54C3300561091 /* ViewController.swift in Sources */,
				B4F3F2E51EF55CFF00F254D1 /* ColorExt.swift in Sources */,
				B4F3F2ED1EF6706700F254D1 /* YRRule.swift in Sources */,
				B46EA7061EFE6F5F00C3183A /* VideoPlayerViewController.swift in Sources */,
				B4F3F2E91EF6675900F254D1 /* PlayerSwift.swift in Sources */,
				B4F3F2EB1EF66DE500F254D1 /* YRPlayView.swift in Sources */,
				B414653F1EF54C3300561091 /* AppDelegate.swift in Sources */,
			);
			runOnlyForDeploymentPostprocessing = 0;
		};
/* End PBXSourcesBuildPhase section */

/* Begin PBXVariantGroup section */
		B41465471EF54C3300561091 /* LaunchScreen.storyboard */ = {
			isa = PBXVariantGroup;
			children = (
				B41465481EF54C3300561091 /* Base */,
			);
			name = LaunchScreen.storyboard;
			sourceTree = "<group>";
		};
/* End PBXVariantGroup section */

/* Begin XCBuildConfiguration section */
		B414654B1EF54C3300561091 /* Debug */ = {
			isa = XCBuildConfiguration;
			buildSettings = {
				ALWAYS_SEARCH_USER_PATHS = NO;
				CLANG_ANALYZER_NONNULL = YES;
				CLANG_ANALYZER_NUMBER_OBJECT_CONVERSION = YES_AGGRESSIVE;
				CLANG_CXX_LANGUAGE_STANDARD = "gnu++0x";
				CLANG_CXX_LIBRARY = "libc++";
				CLANG_ENABLE_MODULES = YES;
				CLANG_ENABLE_OBJC_ARC = YES;
				CLANG_WARN_BOOL_CONVERSION = YES;
				CLANG_WARN_CONSTANT_CONVERSION = YES;
				CLANG_WARN_DIRECT_OBJC_ISA_USAGE = YES_ERROR;
				CLANG_WARN_DOCUMENTATION_COMMENTS = YES;
				CLANG_WARN_EMPTY_BODY = YES;
				CLANG_WARN_ENUM_CONVERSION = YES;
				CLANG_WARN_INFINITE_RECURSION = YES;
				CLANG_WARN_INT_CONVERSION = YES;
				CLANG_WARN_OBJC_ROOT_CLASS = YES_ERROR;
				CLANG_WARN_SUSPICIOUS_MOVE = YES;
				CLANG_WARN_UNREACHABLE_CODE = YES;
				CLANG_WARN__DUPLICATE_METHOD_MATCH = YES;
				"CODE_SIGN_IDENTITY[sdk=iphoneos*]" = "iPhone Developer";
				COPY_PHASE_STRIP = NO;
				DEBUG_INFORMATION_FORMAT = dwarf;
				ENABLE_STRICT_OBJC_MSGSEND = YES;
				ENABLE_TESTABILITY = YES;
				GCC_C_LANGUAGE_STANDARD = gnu99;
				GCC_DYNAMIC_NO_PIC = NO;
				GCC_NO_COMMON_BLOCKS = YES;
				GCC_OPTIMIZATION_LEVEL = 0;
				GCC_PREPROCESSOR_DEFINITIONS = (
					"DEBUG=1",
					"$(inherited)",
				);
				GCC_WARN_64_TO_32_BIT_CONVERSION = YES;
				GCC_WARN_ABOUT_RETURN_TYPE = YES_ERROR;
				GCC_WARN_UNDECLARED_SELECTOR = YES;
				GCC_WARN_UNINITIALIZED_AUTOS = YES_AGGRESSIVE;
				GCC_WARN_UNUSED_FUNCTION = YES;
				GCC_WARN_UNUSED_VARIABLE = YES;
				IPHONEOS_DEPLOYMENT_TARGET = 10.3;
				MTL_ENABLE_DEBUG_INFO = YES;
				ONLY_ACTIVE_ARCH = YES;
				SDKROOT = iphoneos;
				SWIFT_ACTIVE_COMPILATION_CONDITIONS = DEBUG;
				SWIFT_OPTIMIZATION_LEVEL = "-Onone";
				TARGETED_DEVICE_FAMILY = "1,2";
			};
			name = Debug;
		};
		B414654C1EF54C3300561091 /* Release */ = {
			isa = XCBuildConfiguration;
			buildSettings = {
				ALWAYS_SEARCH_USER_PATHS = NO;
				CLANG_ANALYZER_NONNULL = YES;
				CLANG_ANALYZER_NUMBER_OBJECT_CONVERSION = YES_AGGRESSIVE;
				CLANG_CXX_LANGUAGE_STANDARD = "gnu++0x";
				CLANG_CXX_LIBRARY = "libc++";
				CLANG_ENABLE_MODULES = YES;
				CLANG_ENABLE_OBJC_ARC = YES;
				CLANG_WARN_BOOL_CONVERSION = YES;
				CLANG_WARN_CONSTANT_CONVERSION = YES;
				CLANG_WARN_DIRECT_OBJC_ISA_USAGE = YES_ERROR;
				CLANG_WARN_DOCUMENTATION_COMMENTS = YES;
				CLANG_WARN_EMPTY_BODY = YES;
				CLANG_WARN_ENUM_CONVERSION = YES;
				CLANG_WARN_INFINITE_RECURSION = YES;
				CLANG_WARN_INT_CONVERSION = YES;
				CLANG_WARN_OBJC_ROOT_CLASS = YES_ERROR;
				CLANG_WARN_SUSPICIOUS_MOVE = YES;
				CLANG_WARN_UNREACHABLE_CODE = YES;
				CLANG_WARN__DUPLICATE_METHOD_MATCH = YES;
				"CODE_SIGN_IDENTITY[sdk=iphoneos*]" = "iPhone Developer";
				COPY_PHASE_STRIP = NO;
				DEBUG_INFORMATION_FORMAT = "dwarf-with-dsym";
				ENABLE_NS_ASSERTIONS = NO;
				ENABLE_STRICT_OBJC_MSGSEND = YES;
				GCC_C_LANGUAGE_STANDARD = gnu99;
				GCC_NO_COMMON_BLOCKS = YES;
				GCC_WARN_64_TO_32_BIT_CONVERSION = YES;
				GCC_WARN_ABOUT_RETURN_TYPE = YES_ERROR;
				GCC_WARN_UNDECLARED_SELECTOR = YES;
				GCC_WARN_UNINITIALIZED_AUTOS = YES_AGGRESSIVE;
				GCC_WARN_UNUSED_FUNCTION = YES;
				GCC_WARN_UNUSED_VARIABLE = YES;
				IPHONEOS_DEPLOYMENT_TARGET = 10.3;
				MTL_ENABLE_DEBUG_INFO = NO;
				SDKROOT = iphoneos;
				SWIFT_OPTIMIZATION_LEVEL = "-Owholemodule";
				TARGETED_DEVICE_FAMILY = "1,2";
				VALIDATE_PRODUCT = YES;
			};
			name = Release;
		};
		B414654E1EF54C3300561091 /* Debug */ = {
			isa = XCBuildConfiguration;
			buildSettings = {
				ASSETCATALOG_COMPILER_APPICON_NAME = AppIcon;
				DEVELOPMENT_TEAM = LWXVGNDC4Q;
				INFOPLIST_FILE = SwiftAVFundation/Info.plist;
				LD_RUNPATH_SEARCH_PATHS = "$(inherited) @executable_path/Frameworks";
				PRODUCT_BUNDLE_IDENTIFIER = io.github.13hoop.SwiftAVFundation;
				PRODUCT_NAME = "$(TARGET_NAME)";
				SWIFT_VERSION = 3.0;
			};
			name = Debug;
		};
		B414654F1EF54C3300561091 /* Release */ = {
			isa = XCBuildConfiguration;
			buildSettings = {
				ASSETCATALOG_COMPILER_APPICON_NAME = AppIcon;
				DEVELOPMENT_TEAM = LWXVGNDC4Q;
				INFOPLIST_FILE = SwiftAVFundation/Info.plist;
				LD_RUNPATH_SEARCH_PATHS = "$(inherited) @executable_path/Frameworks";
				PRODUCT_BUNDLE_IDENTIFIER = io.github.13hoop.SwiftAVFundation;
				PRODUCT_NAME = "$(TARGET_NAME)";
				SWIFT_VERSION = 3.0;
			};
			name = Release;
		};
/* End XCBuildConfiguration section */

/* Begin XCConfigurationList section */
		B41465361EF54C3300561091 /* Build configuration list for PBXProject "SwiftAVFundation" */ = {
			isa = XCConfigurationList;
			buildConfigurations = (
				B414654B1EF54C3300561091 /* Debug */,
				B414654C1EF54C3300561091 /* Release */,
			);
			defaultConfigurationIsVisible = 0;
			defaultConfigurationName = Release;
		};
		B414654D1EF54C3300561091 /* Build configuration list for PBXNativeTarget "SwiftAVFundation" */ = {
			isa = XCConfigurationList;
			buildConfigurations = (
				B414654E1EF54C3300561091 /* Debug */,
				B414654F1EF54C3300561091 /* Release */,
			);
			defaultConfigurationIsVisible = 0;
			defaultConfigurationName = Release;
		};
/* End XCConfigurationList section */
	};
	rootObject = B41465331EF54C3300561091 /* Project object */;
}
